
Microsoft Visual Studio Solution File, Format Version 12.00
# Visual Studio 14
VisualStudioVersion = 14.0.25420.1
MinimumVisualStudioVersion = 10.0.40219.1
Project("{FAE04EC0-301F-11D3-BF4B-00C04F79EFBC}") = "ClassLibraryLogicSet", "ClassLibraryLogicSet\ClassLibraryLogicSet.csproj", "{8CDCC85F-3DB0-476A-A055-79F987DB448D}"
EndProject
Project("{FAE04EC0-301F-11D3-BF4B-00C04F79EFBC}") = "ClassLibrarySetNUnit", "ClassLibrarySetNUnit\ClassLibrarySetNUnit.csproj", "{CC0F0067-4578-4111-98DD-07D3211DAF54}"
EndProject
Global
	GlobalSection(SolutionConfigurationPlatforms) = preSolution
		Debug|Any CPU = Debug|Any CPU
		Release|Any CPU = Release|Any CPU
	EndGlobalSection
	GlobalSection(ProjectConfigurationPlatforms) = postSolution
		{8CDCC85F-3DB0-476A-A055-79F987DB448D}.Debug|Any CPU.ActiveCfg = Debug|Any CPU
		{8CDCC85F-3DB0-476A-A055-79F987DB448D}.Debug|Any CPU.Build.0 = Debug|Any CPU
		{8CDCC85F-3DB0-476A-A055-79F987DB448D}.Release|Any CPU.ActiveCfg = Release|Any CPU
		{8CDCC85F-3DB0-476A-A055-79F987DB448D}.Release|Any CPU.Build.0 = Release|Any CPU
		{CC0F0067-4578-4111-98DD-07D3211DAF54}.Debug|Any CPU.ActiveCfg = Debug|Any CPU
		{CC0F0067-4578-4111-98DD-07D3211DAF54}.Debug|Any CPU.Build.0 = Debug|Any CPU
		{CC0F0067-4578-4111-98DD-07D3211DAF54}.Release|Any CPU.ActiveCfg = Release|Any CPU
		{CC0F0067-4578-4111-98DD-07D3211DAF54}.Release|Any CPU.Build.0 = Release|Any CPU
	EndGlobalSection
	GlobalSection(SolutionProperties) = preSolution
		HideSolutionNode = FALSE
	EndGlobalSection
EndGlobal
